// !$*UTF8*$!
{
	archiveVersion = 1;
	classes = {
	};
	objectVersion = 50;
	objects = {

/* Begin PBXBuildFile section */
		830F090923DCBC930081401E /* AppDelegate.swift in Sources */ = {isa = PBXBuildFile; fileRef = 830F090823DCBC930081401E /* AppDelegate.swift */; };
		830F090B23DCBC930081401E /* GameScene.sks in Resources */ = {isa = PBXBuildFile; fileRef = 830F090A23DCBC930081401E /* GameScene.sks */; };
		830F090D23DCBC930081401E /* Actions.sks in Resources */ = {isa = PBXBuildFile; fileRef = 830F090C23DCBC930081401E /* Actions.sks */; };
		830F090F23DCBC930081401E /* GameScene.swift in Sources */ = {isa = PBXBuildFile; fileRef = 830F090E23DCBC930081401E /* GameScene.swift */; };
		830F091123DCBC930081401E /* GameViewController.swift in Sources */ = {isa = PBXBuildFile; fileRef = 830F091023DCBC930081401E /* GameViewController.swift */; };
		830F091423DCBC930081401E /* Main.storyboard in Resources */ = {isa = PBXBuildFile; fileRef = 830F091223DCBC930081401E /* Main.storyboard */; };
		830F091623DCBC9A0081401E /* Assets.xcassets in Resources */ = {isa = PBXBuildFile; fileRef = 830F091523DCBC9A0081401E /* Assets.xcassets */; };
		830F091923DCBC9A0081401E /* LaunchScreen.storyboard in Resources */ = {isa = PBXBuildFile; fileRef = 830F091723DCBC9A0081401E /* LaunchScreen.storyboard */; };
/* End PBXBuildFile section */

/* Begin PBXFileReference section */
		830F090523DCBC930081401E /* 4PaddlePong.app */ = {isa = PBXFileReference; explicitFileType = wrapper.application; includeInIndex = 0; path = 4PaddlePong.app; sourceTree = BUILT_PRODUCTS_DIR; };
		830F090823DCBC930081401E /* AppDelegate.swift */ = {isa = PBXFileReference; lastKnownFileType = sourcecode.swift; path = AppDelegate.swift; sourceTree = "<group>"; };
		830F090A23DCBC930081401E /* GameScene.sks */ = {isa = PBXFileReference; lastKnownFileType = file.sks; path = GameScene.sks; sourceTree = "<group>"; };
		830F090C23DCBC930081401E /* Actions.sks */ = {isa = PBXFileReference; lastKnownFileType = file.sks; path = Actions.sks; sourceTree = "<group>"; };
		830F090E23DCBC930081401E /* GameScene.swift */ = {isa = PBXFileReference; lastKnownFileType = sourcecode.swift; path = GameScene.swift; sourceTree = "<group>"; };
		830F091023DCBC930081401E /* GameViewController.swift */ = {isa = PBXFileReference; lastKnownFileType = sourcecode.swift; path = GameViewController.swift; sourceTree = "<group>"; };
		830F091323DCBC930081401E /* Base */ = {isa = PBXFileReference; lastKnownFileType = file.storyboard; name = Base; path = Base.lproj/Main.storyboard; sourceTree = "<group>"; };
		830F091523DCBC9A0081401E /* Assets.xcassets */ = {isa = PBXFileReference; lastKnownFileType = folder.assetcatalog; path = Assets.xcassets; sourceTree = "<group>"; };
		830F091823DCBC9A0081401E /* Base */ = {isa = PBXFileReference; lastKnownFileType = file.storyboard; name = Base; path = Base.lproj/LaunchScreen.storyboard; sourceTree = "<group>"; };
		830F091A23DCBC9A0081401E /* Info.plist */ = {isa = PBXFileReference; lastKnownFileType = text.plist.xml; path = Info.plist; sourceTree = "<group>"; };
/* End PBXFileReference section */

/* Begin PBXFrameworksBuildPhase section */
		830F090223DCBC930081401E /* Frameworks */ = {
			isa = PBXFrameworksBuildPhase;
			buildActionMask = 2147483647;
			files = (
			);
			runOnlyForDeploymentPostprocessing = 0;
		};
/* End PBXFrameworksBuildPhase section */

/* Begin PBXGroup section */
		830F08FC23DCBC930081401E = {
			isa = PBXGroup;
			children = (
				830F090723DCBC930081401E /* 4PaddlePong */,
				830F090623DCBC930081401E /* Products */,
			);
			sourceTree = "<group>";
		};
		830F090623DCBC930081401E /* Products */ = {
			isa = PBXGroup;
			children = (
				830F090523DCBC930081401E /* 4PaddlePong.app */,
			);
			name = Products;
			sourceTree = "<group>";
		};
		830F090723DCBC930081401E /* 4PaddlePong */ = {
			isa = PBXGroup;
			children = (
				830F090823DCBC930081401E /* AppDelegate.swift */,
				830F090A23DCBC930081401E /* GameScene.sks */,
				830F090C23DCBC930081401E /* Actions.sks */,
				830F090E23DCBC930081401E /* GameScene.swift */,
				830F091023DCBC930081401E /* GameViewController.swift */,
				830F091223DCBC930081401E /* Main.storyboard */,
				830F091523DCBC9A0081401E /* Assets.xcassets */,
				830F091723DCBC9A0081401E /* LaunchScreen.storyboard */,
				830F091A23DCBC9A0081401E /* Info.plist */,
			);
			path = 4PaddlePong;
			sourceTree = "<group>";
		};
/* End PBXGroup section */

/* Begin PBXNativeTarget section */
		830F090423DCBC930081401E /* 4PaddlePong */ = {
			isa = PBXNativeTarget;
			buildConfigurationList = 830F091D23DCBC9A0081401E /* Build configuration list for PBXNativeTarget "4PaddlePong" */;
			buildPhases = (
				830F090123DCBC930081401E /* Sources */,
				830F090223DCBC930081401E /* Frameworks */,
				830F090323DCBC930081401E /* Resources */,
			);
			buildRules = (
			);
			dependencies = (
			);
			name = 4PaddlePong;
			productName = 4PaddlePong;
			productReference = 830F090523DCBC930081401E /* 4PaddlePong.app */;
			productType = "com.apple.product-type.application";
		};
/* End PBXNativeTarget section */

/* Begin PBXProject section */
		830F08FD23DCBC930081401E /* Project object */ = {
			isa = PBXProject;
			attributes = {
				LastSwiftUpdateCheck = 1130;
				LastUpgradeCheck = 1130;
				ORGANIZATIONNAME = AssistStat;
				TargetAttributes = {
					830F090423DCBC930081401E = {
						CreatedOnToolsVersion = 11.3.1;
					};
				};
			};
			buildConfigurationList = 830F090023DCBC930081401E /* Build configuration list for PBXProject "4PaddlePong" */;
			compatibilityVersion = "Xcode 9.3";
			developmentRegion = en;
			hasScannedForEncodings = 0;
			knownRegions = (
				en,
				Base,
			);
			mainGroup = 830F08FC23DCBC930081401E;
			productRefGroup = 830F090623DCBC930081401E /* Products */;
			projectDirPath = "";
			projectRoot = "";
			targets = (
				830F090423DCBC930081401E /* 4PaddlePong */,
			);
		};
/* End PBXProject section */

/* Begin PBXResourcesBuildPhase section */
		830F090323DCBC930081401E /* Resources */ = {
			isa = PBXResourcesBuildPhase;
			buildActionMask = 2147483647;
			files = (
				830F091423DCBC930081401E /* Main.storyboard in Resources */,
				830F090B23DCBC930081401E /* GameScene.sks in Resources */,
				830F091623DCBC9A0081401E /* Assets.xcassets in Resources */,
				830F091923DCBC9A0081401E /* LaunchScreen.storyboard in Resources */,
				830F090D23DCBC930081401E /* Actions.sks in Resources */,
			);
			runOnlyForDeploymentPostprocessing = 0;
		};
/* End PBXResourcesBuildPhase section */

/* Begin PBXSourcesBuildPhase section */
		830F090123DCBC930081401E /* Sources */ = {
			isa = PBXSourcesBuildPhase;
			buildActionMask = 2147483647;
			files = (
				830F090F23DCBC930081401E /* GameScene.swift in Sources */,
				830F091123DCBC930081401E /* GameViewController.swift in Sources */,
				830F090923DCBC930081401E /* AppDelegate.swift in Sources */,
			);
			runOnlyForDeploymentPostprocessing = 0;
		};
/* End PBXSourcesBuildPhase section */

/* Begin PBXVariantGroup section */
		830F091223DCBC930081401E /* Main.storyboard */ = {
			isa = PBXVariantGroup;
			children = (
				830F091323DCBC930081401E /* Base */,
			);
			name = Main.storyboard;
			sourceTree = "<group>";
		};
		830F091723DCBC9A0081401E /* LaunchScreen.storyboard */ = {
			isa = PBXVariantGroup;
			children = (
				830F091823DCBC9A0081401E /* Base */,
			);
			name = LaunchScreen.storyboard;
			sourceTree = "<group>";
		};
/* End PBXVariantGroup section */

/* Begin XCBuildConfiguration section */
		830F091B23DCBC9A0081401E /* Debug */ = {
			isa = XCBuildConfiguration;
			buildSettings = {
				ALWAYS_SEARCH_USER_PATHS = NO;
				CLANG_ANALYZER_NONNULL = YES;
				CLANG_ANALYZER_NUMBER_OBJECT_CONVERSION = YES_AGGRESSIVE;
				CLANG_CXX_LANGUAGE_STANDARD = "gnu++14";
				CLANG_CXX_LIBRARY = "libc++";
				CLANG_ENABLE_MODULES = YES;
				CLANG_ENABLE_OBJC_ARC = YES;
				CLANG_ENABLE_OBJC_WEAK = YES;
				CLANG_WARN_BLOCK_CAPTURE_AUTORELEASING = YES;
				CLANG_WARN_BOOL_CONVERSION = YES;
				CLANG_WARN_COMMA = YES;
				CLANG_WARN_CONSTANT_CONVERSION = YES;
				CLANG_WARN_DEPRECATED_OBJC_IMPLEMENTATIONS = YES;
				CLANG_WARN_DIRECT_OBJC_ISA_USAGE = YES_ERROR;
				CLANG_WARN_DOCUMENTATION_COMMENTS = YES;
				CLANG_WARN_EMPTY_BODY = YES;
				CLANG_WARN_ENUM_CONVERSION = YES;
				CLANG_WARN_INFINITE_RECURSION = YES;
				CLANG_WARN_INT_CONVERSION = YES;
				CLANG_WARN_NON_LITERAL_NULL_CONVERSION = YES;
				CLANG_WARN_OBJC_IMPLICIT_RETAIN_SELF = YES;
				CLANG_WARN_OBJC_LITERAL_CONVERSION = YES;
				CLANG_WARN_OBJC_ROOT_CLASS = YES_ERROR;
				CLANG_WARN_RANGE_LOOP_ANALYSIS = YES;
				CLANG_WARN_STRICT_PROTOTYPES = YES;
				CLANG_WARN_SUSPICIOUS_MOVE = YES;
				CLANG_WARN_UNGUARDED_AVAILABILITY = YES_AGGRESSIVE;
				CLANG_WARN_UNREACHABLE_CODE = YES;
				CLANG_WARN__DUPLICATE_METHOD_MATCH = YES;
				COPY_PHASE_STRIP = NO;
				DEBUG_INFORMATION_FORMAT = dwarf;
				ENABLE_STRICT_OBJC_MSGSEND = YES;
				ENABLE_TESTABILITY = YES;
				GCC_C_LANGUAGE_STANDARD = gnu11;
				GCC_DYNAMIC_NO_PIC = NO;
				GCC_NO_COMMON_BLOCKS = YES;
				GCC_OPTIMIZATION_LEVEL = 0;
				GCC_PREPROCESSOR_DEFINITIONS = (
					"DEBUG=1",
					"$(inherited)",
				);
				GCC_WARN_64_TO_32_BIT_CONVERSION = YES;
				GCC_WARN_ABOUT_RETURN_TYPE = YES_ERROR;
				GCC_WARN_UNDECLARED_SELECTOR = YES;
				GCC_WARN_UNINITIALIZED_AUTOS = YES_AGGRESSIVE;
				GCC_WARN_UNUSED_FUNCTION = YES;
				GCC_WARN_UNUSED_VARIABLE = YES;
				MTL_ENABLE_DEBUG_INFO = INCLUDE_SOURCE;
				MTL_FAST_MATH = YES;
				ONLY_ACTIVE_ARCH = YES;
				SDKROOT = appletvos;
				SWIFT_ACTIVE_COMPILATION_CONDITIONS = DEBUG;
				SWIFT_OPTIMIZATION_LEVEL = "-Onone";
				TVOS_DEPLOYMENT_TARGET = 13.2;
			};
			name = Debug;
		};
		830F091C23DCBC9A0081401E /* Release */ = {
			isa = XCBuildConfiguration;
			buildSettings = {
				ALWAYS_SEARCH_USER_PATHS = NO;
				CLANG_ANALYZER_NONNULL = YES;
				CLANG_ANALYZER_NUMBER_OBJECT_CONVERSION = YES_AGGRESSIVE;
				CLANG_CXX_LANGUAGE_STANDARD = "gnu++14";
				CLANG_CXX_LIBRARY = "libc++";
				CLANG_ENABLE_MODULES = YES;
				CLANG_ENABLE_OBJC_ARC = YES;
				CLANG_ENABLE_OBJC_WEAK = YES;
				CLANG_WARN_BLOCK_CAPTURE_AUTORELEASING = YES;
				CLANG_WARN_BOOL_CONVERSION = YES;
				CLANG_WARN_COMMA = YES;
				CLANG_WARN_CONSTANT_CONVERSION = YES;
				CLANG_WARN_DEPRECATED_OBJC_IMPLEMENTATIONS = YES;
				CLANG_WARN_DIRECT_OBJC_ISA_USAGE = YES_ERROR;
				CLANG_WARN_DOCUMENTATION_COMMENTS = YES;
				CLANG_WARN_EMPTY_BODY = YES;
				CLANG_WARN_ENUM_CONVERSION = YES;
				CLANG_WARN_INFINITE_RECURSION = YES;
				CLANG_WARN_INT_CONVERSION = YES;
				CLANG_WARN_NON_LITERAL_NULL_CONVERSION = YES;
				CLANG_WARN_OBJC_IMPLICIT_RETAIN_SELF = YES;
				CLANG_WARN_OBJC_LITERAL_CONVERSION = YES;
				CLANG_WARN_OBJC_ROOT_CLASS = YES_ERROR;
				CLANG_WARN_RANGE_LOOP_ANALYSIS = YES;
				CLANG_WARN_STRICT_PROTOTYPES = YES;
				CLANG_WARN_SUSPICIOUS_MOVE = YES;
				CLANG_WARN_UNGUARDED_AVAILABILITY = YES_AGGRESSIVE;
				CLANG_WARN_UNREACHABLE_CODE = YES;
				CLANG_WARN__DUPLICATE_METHOD_MATCH = YES;
				COPY_PHASE_STRIP = NO;
				DEBUG_INFORMATION_FORMAT = "dwarf-with-dsym";
				ENABLE_NS_ASSERTIONS = NO;
				ENABLE_STRICT_OBJC_MSGSEND = YES;
				GCC_C_LANGUAGE_STANDARD = gnu11;
				GCC_NO_COMMON_BLOCKS = YES;
				GCC_WARN_64_TO_32_BIT_CONVERSION = YES;
				GCC_WARN_ABOUT_RETURN_TYPE = YES_ERROR;
				GCC_WARN_UNDECLARED_SELECTOR = YES;
				GCC_WARN_UNINITIALIZED_AUTOS = YES_AGGRESSIVE;
				GCC_WARN_UNUSED_FUNCTION = YES;
				GCC_WARN_UNUSED_VARIABLE = YES;
				MTL_ENABLE_DEBUG_INFO = NO;
				MTL_FAST_MATH = YES;
				SDKROOT = appletvos;
				SWIFT_COMPILATION_MODE = wholemodule;
				SWIFT_OPTIMIZATION_LEVEL = "-O";
				TVOS_DEPLOYMENT_TARGET = 13.2;
				VALIDATE_PRODUCT = YES;
			};
			name = Release;
		};
		830F091E23DCBC9A0081401E /* Debug */ = {
			isa = XCBuildConfiguration;
			buildSettings = {
				ASSETCATALOG_COMPILER_APPICON_NAME = "App Icon & Top Shelf Image";
				CODE_SIGN_STYLE = Automatic;
				DEVELOPMENT_TEAM = 84LWTY6T5F;
				INFOPLIST_FILE = 4PaddlePong/Info.plist;
				LD_RUNPATH_SEARCH_PATHS = (
					"$(inherited)",
					"@executable_path/Frameworks",
				);
				PRODUCT_BUNDLE_IDENTIFIER = "com.AssistStat.-PaddlePong";
				PRODUCT_NAME = "$(TARGET_NAME)";
				SWIFT_VERSION = 5.0;
				TARGETED_DEVICE_FAMILY = 3;
			};
			name = Debug;
		};
		830F091F23DCBC9A0081401E /* Release */ = {
			isa = XCBuildConfiguration;
			buildSettings = {
				ASSETCATALOG_COMPILER_APPICON_NAME = "App Icon & Top Shelf Image";
				CODE_SIGN_STYLE = Automatic;
				DEVELOPMENT_TEAM = 84LWTY6T5F;
				INFOPLIST_FILE = 4PaddlePong/Info.plist;
				LD_RUNPATH_SEARCH_PATHS = (
					"$(inherited)",
					"@executable_path/Frameworks",
				);
				PRODUCT_BUNDLE_IDENTIFIER = "com.AssistStat.-PaddlePong";
				PRODUCT_NAME = "$(TARGET_NAME)";
				SWIFT_VERSION = 5.0;
				TARGETED_DEVICE_FAMILY = 3;
			};
			name = Release;
		};
/* End XCBuildConfiguration section */

/* Begin XCConfigurationList section */
		830F090023DCBC930081401E /* Build configuration list for PBXProject "4PaddlePong" */ = {
			isa = XCConfigurationList;
			buildConfigurations = (
				830F091B23DCBC9A0081401E /* Debug */,
				830F091C23DCBC9A0081401E /* Release */,
			);
			defaultConfigurationIsVisible = 0;
			defaultConfigurationName = Release;
		};
		830F091D23DCBC9A0081401E /* Build configuration list for PBXNativeTarget "4PaddlePong" */ = {
			isa = XCConfigurationList;
			buildConfigurations = (
				830F091E23DCBC9A0081401E /* Debug */,
				830F091F23DCBC9A0081401E /* Release */,
			);
			defaultConfigurationIsVisible = 0;
			defaultConfigurationName = Release;
		};
/* End XCConfigurationList section */
	};
	rootObject = 830F08FD23DCBC930081401E /* Project object */;
}
